lockfileVersion: '9.0'

settings:
  autoInstallPeers: true
  excludeLinksFromLockfile: false

importers:

  .:
    devDependencies:
      typescript:
        specifier: ^5.9.3
        version: 5.9.3

  packages/contracts:
    dependencies:
      zod:
        specifier: ^4.6.5
        version: 4.6.5
    devDependencies:
      '@types/node':
        specifier: ^26.6.3
        version: 26.6.3
      typescript:
        specifier: ^5.9.3
        version: 5.9.3

packages:

  '@types/node@26.6.3':
    resolution: {integrity: sha512-dsqMQQoeTLqu9wynDD00q573mNzso3IdQOAfHRJqLCcmCFPoGo9A1bDpUcv/9tnKpErQWv9uKeGfl37EIS02Yg==}

  typescript@5.9.3:
    resolution: {integrity: sha512-jl1vZzPDinLr9eUt3J/t7V6FgNEw9QjvBPdysz9KfQDD41fQrC2Y4vKQdiaUpFT4bXlb1RHhLpp8wtm6M5TgSw==}
    engines: {node: '>=14.17'}
    hasBin: true

  undici-types@8.9.0:
    resolution: {integrity: sha512-KTDyRTYX8sWmKXAikPHHSyc63CRPETMctyjKFupcC6OBLXT3xsN0e9aF7m+mIXutFWpUXuedtowG7iLOzp0kQg==}

  zod@4.6.5:
    resolution: {integrity: sha512-v5l/aFXZQeai4awLbOpSoHecE9UiMrnfx75tEXLjNonXVARxQ5mOeipTjROUchszUNCqnE+hqAMujRsRHsut2Q==}

snapshots:

  '@types/node@26.6.3':
    dependencies:
      undici-types: 8.9.0

  typescript@5.9.3: {}

  undici-types@8.9.0: {}

  zod@4.6.5: {}
