lockfileVersion: '9.0'

settings:
  autoInstallPeers: true
  excludeLinksFromLockfile: false

importers:

  .:
    devDependencies:
      typescript:
        specifier: ^5.9.3
        version: 5.9.3

  packages/contracts:
    dependencies:
      zod:
        specifier: ^3.25.76
        version: 3.25.76
    devDependencies:
      '@types/node':
        specifier: ^26.4.0
        version: 26.4.0
      typescript:
        specifier: ^5.9.3
        version: 5.9.3

packages:

  '@types/node@26.4.0':
    resolution: {integrity: sha512-faiGnoIrLH/V8cibOMEAZ8pMw6oXqSukl29ra4mN8GdaB2ZewzeaLj+INpV5N+Z1eKWzY+IzaIZH2EIR6YZRNQ==}

  typescript@5.9.3:
    resolution: {integrity: sha512-jl1vZzPDinLr9eUt3J/t7V6FgNEw9QjvBPdysz9KfQDD41fQrC2Y4vKQdiaUpFT4bXlb1RHhLpp8wtm6M5TgSw==}
    engines: {node: '>=14.17'}
    hasBin: true

  undici-types@8.3.0:
    resolution: {integrity: sha512-j375ScV60dom+YkPFIfTLcOiPxkN/buHz5GobjLhixFuANaNs3C9l4GmrWqejgXWJ7BbJcFYpTEUkS1Ge8bpZQ==}

  zod@3.25.76:
    resolution: {integrity: sha512-gzUt/qt81nXsFGKIFcC3YnfEAx5NkunCfnDlvuBSSFS02bcXu4Lmea0AFIUwbLWxWPx3d9p8S5QoaujKcNQxcQ==}

snapshots:

  '@types/node@26.4.0':
    dependencies:
      undici-types: 8.3.0

  typescript@5.9.3: {}

  undici-types@8.3.0: {}

  zod@3.25.76: {}
